
Microsoft Visual Studio Solution File, Format Version 12.00
# Visual Studio 15
VisualStudioVersion = 15.0.28010.2041
MinimumVisualStudioVersion = 10.0.40219.1
Project("{9A19103F-16F7-4668-BE54-9A1E7A4F7556}") = "Thuria.Thark.StatementBuilder", "Thuria.Thark.StatementBuilder\Thuria.Thark.StatementBuilder.csproj", "{C5453228-AF3C-46B3-8817-1B865E4EDD61}"
EndProject
Project("{9A19103F-16F7-4668-BE54-9A1E7A4F7556}") = "Thuria.Thark.StatementBuilder.Tests", "Thuria.Thark.StatementBuilder.Tests\Thuria.Thark.StatementBuilder.Tests.csproj", "{354DAA9F-8CE4-419F-AF35-4E192E2034D1}"
EndProject
Project("{9A19103F-16F7-4668-BE54-9A1E7A4F7556}") = "Thuria.Thark.Core", "Thuria.Thark.Core\Thuria.Thark.Core.csproj", "{4DC2505A-1D72-49C6-9652-3292AC67F18A}"
EndProject
Project("{9A19103F-16F7-4668-BE54-9A1E7A4F7556}") = "Thuria.Thark.DataAccess", "Thuria.Thark.DataAccess\Thuria.Thark.DataAccess.csproj", "{AA4A749A-6D03-4BC4-9664-34384AC15197}"
EndProject
Project("{9A19103F-16F7-4668-BE54-9A1E7A4F7556}") = "Thuria.Thark.DataAccess.Tests", "Thuria.Thark.DataAccess.Tests\Thuria.Thark.DataAccess.Tests.csproj", "{E10182F0-FC2E-4D67-B43A-A5DEC210F424}"
EndProject
Project("{9A19103F-16F7-4668-BE54-9A1E7A4F7556}") = "Thuria.Thark.DataModel", "Thuria.Thark.DataModel\Thuria.Thark.DataModel.csproj", "{4B8326FF-531F-4871-82B0-73059F603BC5}"
EndProject
Project("{9A19103F-16F7-4668-BE54-9A1E7A4F7556}") = "Thuria.Thark.DataModel.Tests", "Thuria.Thark.DataModel.Tests\Thuria.Thark.DataModel.Tests.csproj", "{8683088C-99D6-4BCC-84C2-495C80C18AD7}"
EndProject
Project("{2150E333-8FDC-42A3-9474-1A3956D46DE8}") = "Solution Items", "Solution Items", "{4F70F455-2DB1-415B-85E6-FE8C8E458B3C}"
	ProjectSection(SolutionItems) = preProject
		..\.buildSettings.yml = ..\.buildSettings.yml
		..\README.md = ..\README.md
	EndProjectSection
EndProject
Global
	GlobalSection(SolutionConfigurationPlatforms) = preSolution
		Debug|Any CPU = Debug|Any CPU
		Release|Any CPU = Release|Any CPU
	EndGlobalSection
	GlobalSection(ProjectConfigurationPlatforms) = postSolution
		{C5453228-AF3C-46B3-8817-1B865E4EDD61}.Debug|Any CPU.ActiveCfg = Debug|Any CPU
		{C5453228-AF3C-46B3-8817-1B865E4EDD61}.Debug|Any CPU.Build.0 = Debug|Any CPU
		{C5453228-AF3C-46B3-8817-1B865E4EDD61}.Release|Any CPU.ActiveCfg = Release|Any CPU
		{C5453228-AF3C-46B3-8817-1B865E4EDD61}.Release|Any CPU.Build.0 = Release|Any CPU
		{354DAA9F-8CE4-419F-AF35-4E192E2034D1}.Debug|Any CPU.ActiveCfg = Debug|Any CPU
		{354DAA9F-8CE4-419F-AF35-4E192E2034D1}.Debug|Any CPU.Build.0 = Debug|Any CPU
		{354DAA9F-8CE4-419F-AF35-4E192E2034D1}.Release|Any CPU.ActiveCfg = Release|Any CPU
		{354DAA9F-8CE4-419F-AF35-4E192E2034D1}.Release|Any CPU.Build.0 = Release|Any CPU
		{4DC2505A-1D72-49C6-9652-3292AC67F18A}.Debug|Any CPU.ActiveCfg = Debug|Any CPU
		{4DC2505A-1D72-49C6-9652-3292AC67F18A}.Debug|Any CPU.Build.0 = Debug|Any CPU
		{4DC2505A-1D72-49C6-9652-3292AC67F18A}.Release|Any CPU.ActiveCfg = Release|Any CPU
		{4DC2505A-1D72-49C6-9652-3292AC67F18A}.Release|Any CPU.Build.0 = Release|Any CPU
		{AA4A749A-6D03-4BC4-9664-34384AC15197}.Debug|Any CPU.ActiveCfg = Debug|Any CPU
		{AA4A749A-6D03-4BC4-9664-34384AC15197}.Debug|Any CPU.Build.0 = Debug|Any CPU
		{AA4A749A-6D03-4BC4-9664-34384AC15197}.Release|Any CPU.ActiveCfg = Release|Any CPU
		{AA4A749A-6D03-4BC4-9664-34384AC15197}.Release|Any CPU.Build.0 = Release|Any CPU
		{E10182F0-FC2E-4D67-B43A-A5DEC210F424}.Debug|Any CPU.ActiveCfg = Debug|Any CPU
		{E10182F0-FC2E-4D67-B43A-A5DEC210F424}.Debug|Any CPU.Build.0 = Debug|Any CPU
		{E10182F0-FC2E-4D67-B43A-A5DEC210F424}.Release|Any CPU.ActiveCfg = Release|Any CPU
		{E10182F0-FC2E-4D67-B43A-A5DEC210F424}.Release|Any CPU.Build.0 = Release|Any CPU
		{4B8326FF-531F-4871-82B0-73059F603BC5}.Debug|Any CPU.ActiveCfg = Debug|Any CPU
		{4B8326FF-531F-4871-82B0-73059F603BC5}.Debug|Any CPU.Build.0 = Debug|Any CPU
		{4B8326FF-531F-4871-82B0-73059F603BC5}.Release|Any CPU.ActiveCfg = Release|Any CPU
		{4B8326FF-531F-4871-82B0-73059F603BC5}.Release|Any CPU.Build.0 = Release|Any CPU
		{8683088C-99D6-4BCC-84C2-495C80C18AD7}.Debug|Any CPU.ActiveCfg = Debug|Any CPU
		{8683088C-99D6-4BCC-84C2-495C80C18AD7}.Debug|Any CPU.Build.0 = Debug|Any CPU
		{8683088C-99D6-4BCC-84C2-495C80C18AD7}.Release|Any CPU.ActiveCfg = Release|Any CPU
		{8683088C-99D6-4BCC-84C2-495C80C18AD7}.Release|Any CPU.Build.0 = Release|Any CPU
	EndGlobalSection
	GlobalSection(SolutionProperties) = preSolution
		HideSolutionNode = FALSE
	EndGlobalSection
	GlobalSection(ExtensibilityGlobals) = postSolution
		SolutionGuid = {CB163E79-C377-4CD8-A6C9-A9C486FD797B}
	EndGlobalSection
EndGlobal
